// !$*UTF8*$!
{
	archiveVersion = 1;
	classes = {
	};
	objectVersion = 77;
	objects = {

/* Begin PBXBuildFile section */
		0ACAAB79C22C2CA458C6373B /* SmartChatAppTests.swift in Sources */ = {isa = PBXBuildFile; fileRef = E318F67B9DFDAC9E0AD84F08 /* SmartChatAppTests.swift */; };
		37A33822825EC071B6BAF313 /* TCA in Frameworks */ = {isa = PBXBuildFile; productRef = 14B49891B71959269491A12E /* TCA */; };
		3C8025EB79B3026F3FFC4893 /* Assets.xcassets in Resources */ = {isa = PBXBuildFile; fileRef = 664AF41A3FCE1C3BBEE6581B /* Assets.xcassets */; };
		B3DB3B56E59985BCA62F39AD /* SmartChatAppApp.swift in Sources */ = {isa = PBXBuildFile; fileRef = 9A261DD70F4AC633D637D1C8 /* SmartChatAppApp.swift */; };
/* End PBXBuildFile section */

/* Begin PBXContainerItemProxy section */
		8AC8F4E379E3DCC3BF8E7625 /* PBXContainerItemProxy */ = {
			isa = PBXContainerItemProxy;
			containerPortal = D21C932C22F5CAEBC35BC8C6 /* Project object */;
			proxyType = 1;
			remoteGlobalIDString = ECDB74DA7CA16B9B0E38829A;
			remoteInfo = SmartChatApp;
		};
/* End PBXContainerItemProxy section */

/* Begin PBXFileReference section */
		4548872237EE0E5B3F8933E4 /* SmartChatApp.app */ = {isa = PBXFileReference; includeInIndex = 0; lastKnownFileType = wrapper.application; path = SmartChatApp.app; sourceTree = BUILT_PRODUCTS_DIR; };
		664AF41A3FCE1C3BBEE6581B /* Assets.xcassets */ = {isa = PBXFileReference; lastKnownFileType = folder.assetcatalog; path = Assets.xcassets; sourceTree = "<group>"; };
		98D2098C092A4DEFEC02C1AE /* Info.plist */ = {isa = PBXFileReference; lastKnownFileType = text.plist; path = Info.plist; sourceTree = "<group>"; };
		9A261DD70F4AC633D637D1C8 /* SmartChatAppApp.swift */ = {isa = PBXFileReference; lastKnownFileType = sourcecode.swift; path = SmartChatAppApp.swift; sourceTree = "<group>"; };
		E318F67B9DFDAC9E0AD84F08 /* SmartChatAppTests.swift */ = {isa = PBXFileReference; lastKnownFileType = sourcecode.swift; path = SmartChatAppTests.swift; sourceTree = "<group>"; };
		FA82AA06FCB363DFA193470C /* SmartChatAppTests.xctest */ = {isa = PBXFileReference; includeInIndex = 0; lastKnownFileType = wrapper.cfbundle; path = SmartChatAppTests.xctest; sourceTree = BUILT_PRODUCTS_DIR; };
/* End PBXFileReference section */

/* Begin PBXFrameworksBuildPhase section */
		7A94C8C56645767F0FE61CF8 /* Frameworks */ = {
			isa = PBXFrameworksBuildPhase;
			buildActionMask = 2147483647;
			files = (
				37A33822825EC071B6BAF313 /* TCA in Frameworks */,
			);
			runOnlyForDeploymentPostprocessing = 0;
		};
/* End PBXFrameworksBuildPhase section */

/* Begin PBXGroup section */
		22545DE904CFA8B5860C28DE /* Chat */ = {
			isa = PBXGroup;
			children = (
			);
			path = Chat;
			sourceTree = "<group>";
		};
		23C64584B9416EEF81CC8852 /* Resources */ = {
			isa = PBXGroup;
			children = (
				664AF41A3FCE1C3BBEE6581B /* Assets.xcassets */,
			);
			path = Resources;
			sourceTree = "<group>";
		};
		30CCE52920681C4D67BD39A0 /* Design */ = {
			isa = PBXGroup;
			children = (
			);
			path = Design;
			sourceTree = "<group>";
		};
		57F56BB49A13144F915E9DD6 /* Connection */ = {
			isa = PBXGroup;
			children = (
			);
			path = Connection;
			sourceTree = "<group>";
		};
		6EB41AEA9A8BB31893A77AB0 = {
			isa = PBXGroup;
			children = (
				B07CA90D920353503DE34524 /* SmartChatApp */,
				F68A5FC51E269D0746355A46 /* SmartChatAppTests */,
				76FC9DA08DD8C51EFA890255 /* Products */,
			);
			sourceTree = "<group>";
		};
		730073727C9690A3BADE254B /* Cards */ = {
			isa = PBXGroup;
			children = (
			);
			path = Cards;
			sourceTree = "<group>";
		};
		76FC9DA08DD8C51EFA890255 /* Products */ = {
			isa = PBXGroup;
			children = (
				4548872237EE0E5B3F8933E4 /* SmartChatApp.app */,
				FA82AA06FCB363DFA193470C /* SmartChatAppTests.xctest */,
			);
			name = Products;
			sourceTree = "<group>";
		};
		83F33D55D3430F5938DC40E5 /* Core */ = {
			isa = PBXGroup;
			children = (
				E6D2D207AF833E57C11E4FC3 /* Models */,
				9F7A0E2F39F9FA2E227AE686 /* Network */,
				F795D07E9B15EFBD553EDAE8 /* Services */,
			);
			path = Core;
			sourceTree = "<group>";
		};
		9F7A0E2F39F9FA2E227AE686 /* Network */ = {
			isa = PBXGroup;
			children = (
			);
			path = Network;
			sourceTree = "<group>";
		};
		A3640C2F94E830FD0F9CFAC5 /* Features */ = {
			isa = PBXGroup;
			children = (
				22545DE904CFA8B5860C28DE /* Chat */,
				D2B66212A14506FB4C73A56D /* ChatList */,
				57F56BB49A13144F915E9DD6 /* Connection */,
				C9AFCA2EC5ED5568FF6555C6 /* Settings */,
			);
			path = Features;
			sourceTree = "<group>";
		};
		B07CA90D920353503DE34524 /* SmartChatApp */ = {
			isa = PBXGroup;
			children = (
				98D2098C092A4DEFEC02C1AE /* Info.plist */,
				D94724C153FCA123160A843F /* App */,
				730073727C9690A3BADE254B /* Cards */,
				83F33D55D3430F5938DC40E5 /* Core */,
				30CCE52920681C4D67BD39A0 /* Design */,
				A3640C2F94E830FD0F9CFAC5 /* Features */,
				23C64584B9416EEF81CC8852 /* Resources */,
			);
			path = SmartChatApp;
			sourceTree = "<group>";
		};
		C9AFCA2EC5ED5568FF6555C6 /* Settings */ = {
			isa = PBXGroup;
			children = (
			);
			path = Settings;
			sourceTree = "<group>";
		};
		D2B66212A14506FB4C73A56D /* ChatList */ = {
			isa = PBXGroup;
			children = (
			);
			path = ChatList;
			sourceTree = "<group>";
		};
		D94724C153FCA123160A843F /* App */ = {
			isa = PBXGroup;
			children = (
				9A261DD70F4AC633D637D1C8 /* SmartChatAppApp.swift */,
			);
			path = App;
			sourceTree = "<group>";
		};
		E6D2D207AF833E57C11E4FC3 /* Models */ = {
			isa = PBXGroup;
			children = (
			);
			path = Models;
			sourceTree = "<group>";
		};
		F68A5FC51E269D0746355A46 /* SmartChatAppTests */ = {
			isa = PBXGroup;
			children = (
				E318F67B9DFDAC9E0AD84F08 /* SmartChatAppTests.swift */,
			);
			path = SmartChatAppTests;
			sourceTree = "<group>";
		};
		F795D07E9B15EFBD553EDAE8 /* Services */ = {
			isa = PBXGroup;
			children = (
			);
			path = Services;
			sourceTree = "<group>";
		};
/* End PBXGroup section */

/* Begin PBXNativeTarget section */
		16986C7C86692A383E7A4D16 /* SmartChatAppTests */ = {
			isa = PBXNativeTarget;
			buildConfigurationList = B9B4EC6863566613150932AD /* Build configuration list for PBXNativeTarget "SmartChatAppTests" */;
			buildPhases = (
				BAE8DC41F9C42BD341A7A47D /* Sources */,
			);
			buildRules = (
			);
			dependencies = (
				575FB08AE3E7AF0194EA4918 /* PBXTargetDependency */,
			);
			name = SmartChatAppTests;
			packageProductDependencies = (
			);
			productName = SmartChatAppTests;
			productReference = FA82AA06FCB363DFA193470C /* SmartChatAppTests.xctest */;
			productType = "com.apple.product-type.bundle.unit-test";
		};
		ECDB74DA7CA16B9B0E38829A /* SmartChatApp */ = {
			isa = PBXNativeTarget;
			buildConfigurationList = 372DEC6C607A0A2E88432540 /* Build configuration list for PBXNativeTarget "SmartChatApp" */;
			buildPhases = (
				86132013E5A1D3AF8B31E2E8 /* Sources */,
				05FEB2CEDA6B29950E72B8A1 /* Resources */,
				7A94C8C56645767F0FE61CF8 /* Frameworks */,
			);
			buildRules = (
			);
			dependencies = (
			);
			name = SmartChatApp;
			packageProductDependencies = (
				14B49891B71959269491A12E /* TCA */,
			);
			productName = SmartChatApp;
			productReference = 4548872237EE0E5B3F8933E4 /* SmartChatApp.app */;
			productType = "com.apple.product-type.application";
		};
/* End PBXNativeTarget section */

/* Begin PBXProject section */
		D21C932C22F5CAEBC35BC8C6 /* Project object */ = {
			isa = PBXProject;
			attributes = {
				BuildIndependentTargetsInParallel = YES;
				LastUpgradeCheck = 1500;
				TargetAttributes = {
					16986C7C86692A383E7A4D16 = {
						DevelopmentTeam = "";
						ProvisioningStyle = Automatic;
					};
					ECDB74DA7CA16B9B0E38829A = {
						DevelopmentTeam = "";
						ProvisioningStyle = Automatic;
					};
				};
			};
			buildConfigurationList = 87877816F07F09184F688F5B /* Build configuration list for PBXProject "SmartChatApp" */;
			developmentRegion = en;
			hasScannedForEncodings = 0;
			knownRegions = (
				Base,
				en,
			);
			mainGroup = 6EB41AEA9A8BB31893A77AB0;
			minimizedProjectReferenceProxies = 1;
			packageReferences = (
				5B5A6838073CC68BB94938B3 /* XCRemoteSwiftPackageReference "swift-composable-architecture" */,
			);
			preferredProjectObjectVersion = 77;
			productRefGroup = 76FC9DA08DD8C51EFA890255 /* Products */;
			projectDirPath = "";
			projectRoot = "";
			targets = (
				ECDB74DA7CA16B9B0E38829A /* SmartChatApp */,
				16986C7C86692A383E7A4D16 /* SmartChatAppTests */,
			);
		};
/* End PBXProject section */

/* Begin PBXResourcesBuildPhase section */
		05FEB2CEDA6B29950E72B8A1 /* Resources */ = {
			isa = PBXResourcesBuildPhase;
			buildActionMask = 2147483647;
			files = (
				3C8025EB79B3026F3FFC4893 /* Assets.xcassets in Resources */,
			);
			runOnlyForDeploymentPostprocessing = 0;
		};
/* End PBXResourcesBuildPhase section */

/* Begin PBXSourcesBuildPhase section */
		86132013E5A1D3AF8B31E2E8 /* Sources */ = {
			isa = PBXSourcesBuildPhase;
			buildActionMask = 2147483647;
			files = (
				B3DB3B56E59985BCA62F39AD /* SmartChatAppApp.swift in Sources */,
			);
			runOnlyForDeploymentPostprocessing = 0;
		};
		BAE8DC41F9C42BD341A7A47D /* Sources */ = {
			isa = PBXSourcesBuildPhase;
			buildActionMask = 2147483647;
			files = (
				0ACAAB79C22C2CA458C6373B /* SmartChatAppTests.swift in Sources */,
			);
			runOnlyForDeploymentPostprocessing = 0;
		};
/* End PBXSourcesBuildPhase section */

/* Begin PBXTargetDependency section */
		575FB08AE3E7AF0194EA4918 /* PBXTargetDependency */ = {
			isa = PBXTargetDependency;
			target = ECDB74DA7CA16B9B0E38829A /* SmartChatApp */;
			targetProxy = 8AC8F4E379E3DCC3BF8E7625 /* PBXContainerItemProxy */;
		};
/* End PBXTargetDependency section */

/* Begin XCBuildConfiguration section */
		16793351BF3D28813A03D9F1 /* Debug */ = {
			isa = XCBuildConfiguration;
			buildSettings = {
				BUNDLE_LOADER = "$(TEST_HOST)";
				GENERATE_INFOPLIST_FILE = YES;
				INFOPLIST_FILE = SmartChatAppTests/Info.plist;
				LD_RUNPATH_SEARCH_PATHS = (
					"$(inherited)",
					"@executable_path/Frameworks",
					"@loader_path/Frameworks",
				);
				PRODUCT_BUNDLE_IDENTIFIER = com.smartchat.SmartChatAppTests;
				SDKROOT = iphoneos;
				TARGETED_DEVICE_FAMILY = "1,2";
				TEST_HOST = "$(TARGET_BUILD_DIR)/SmartChatApp.app/$(BUNDLE_EXECUTABLE_FOLDER_PATH)/SmartChatApp";
			};
			name = Debug;
		};
		32BEF1203EF9BA13223DD94B /* Debug */ = {
			isa = XCBuildConfiguration;
			buildSettings = {
				ALWAYS_SEARCH_USER_PATHS = NO;
				CLANG_ANALYZER_NONNULL = YES;
				CLANG_ANALYZER_NUMBER_OBJECT_CONVERSION = YES_AGGRESSIVE;
				CLANG_CXX_LANGUAGE_STANDARD = "gnu++14";
				CLANG_CXX_LIBRARY = "libc++";
				CLANG_ENABLE_MODULES = YES;
				CLANG_ENABLE_OBJC_ARC = YES;
				CLANG_ENABLE_OBJC_WEAK = YES;
				CLANG_WARN_BLOCK_CAPTURE_AUTORELEASING = YES;
				CLANG_WARN_BOOL_CONVERSION = YES;
				CLANG_WARN_COMMA = YES;
				CLANG_WARN_CONSTANT_CONVERSION = YES;
				CLANG_WARN_DEPRECATED_OBJC_IMPLEMENTATIONS = YES;
				CLANG_WARN_DIRECT_OBJC_ISA_USAGE = YES_ERROR;
				CLANG_WARN_DOCUMENTATION_COMMENTS = YES;
				CLANG_WARN_EMPTY_BODY = YES;
				CLANG_WARN_ENUM_CONVERSION = YES;
				CLANG_WARN_INFINITE_RECURSION = YES;
				CLANG_WARN_INT_CONVERSION = YES;
				CLANG_WARN_NON_LITERAL_NULL_CONVERSION = YES;
				CLANG_WARN_OBJC_IMPLICIT_RETAIN_SELF = YES;
				CLANG_WARN_OBJC_LITERAL_CONVERSION = YES;
				CLANG_WARN_OBJC_ROOT_CLASS = YES_ERROR;
				CLANG_WARN_QUOTED_INCLUDE_IN_FRAMEWORK_HEADER = YES;
				CLANG_WARN_RANGE_LOOP_ANALYSIS = YES;
				CLANG_WARN_STRICT_PROTOTYPES = YES;
				CLANG_WARN_SUSPICIOUS_MOVE = YES;
				CLANG_WARN_UNGUARDED_AVAILABILITY = YES_AGGRESSIVE;
				CLANG_WARN_UNREACHABLE_CODE = YES;
				CLANG_WARN__DUPLICATE_METHOD_MATCH = YES;
				CODE_SIGN_STYLE = Automatic;
				COPY_PHASE_STRIP = NO;
				CURRENT_PROJECT_VERSION = 1;
				DEBUG_INFORMATION_FORMAT = dwarf;
				DEVELOPMENT_TEAM = "";
				ENABLE_STRICT_OBJC_MSGSEND = YES;
				ENABLE_TESTABILITY = YES;
				ENABLE_USER_SCRIPT_SANDBOXING = NO;
				GCC_C_LANGUAGE_STANDARD = gnu11;
				GCC_DYNAMIC_NO_PIC = NO;
				GCC_NO_COMMON_BLOCKS = YES;
				GCC_OPTIMIZATION_LEVEL = 0;
				GCC_PREPROCESSOR_DEFINITIONS = (
					"$(inherited)",
					"DEBUG=1",
				);
				GCC_WARN_64_TO_32_BIT_CONVERSION = YES;
				GCC_WARN_ABOUT_RETURN_TYPE = YES_ERROR;
				GCC_WARN_UNDECLARED_SELECTOR = YES;
				GCC_WARN_UNINITIALIZED_AUTOS = YES_AGGRESSIVE;
				GCC_WARN_UNUSED_FUNCTION = YES;
				GCC_WARN_UNUSED_VARIABLE = YES;
				IPHONEOS_DEPLOYMENT_TARGET = 17.0;
				MARKETING_VERSION = 1.0.0;
				MTL_ENABLE_DEBUG_INFO = INCLUDE_SOURCE;
				MTL_FAST_MATH = YES;
				ONLY_ACTIVE_ARCH = YES;
				PRODUCT_NAME = "$(TARGET_NAME)";
				SDKROOT = iphoneos;
				SWIFT_ACTIVE_COMPILATION_CONDITIONS = DEBUG;
				SWIFT_OPTIMIZATION_LEVEL = "-Onone";
				SWIFT_VERSION = 5.9;
			};
			name = Debug;
		};
		33E7D79BD35E8679E32919F7 /* Release */ = {
			isa = XCBuildConfiguration;
			buildSettings = {
				ALWAYS_SEARCH_USER_PATHS = NO;
				CLANG_ANALYZER_NONNULL = YES;
				CLANG_ANALYZER_NUMBER_OBJECT_CONVERSION = YES_AGGRESSIVE;
				CLANG_CXX_LANGUAGE_STANDARD = "gnu++14";
				CLANG_CXX_LIBRARY = "libc++";
				CLANG_ENABLE_MODULES = YES;
				CLANG_ENABLE_OBJC_ARC = YES;
				CLANG_ENABLE_OBJC_WEAK = YES;
				CLANG_WARN_BLOCK_CAPTURE_AUTORELEASING = YES;
				CLANG_WARN_BOOL_CONVERSION = YES;
				CLANG_WARN_COMMA = YES;
				CLANG_WARN_CONSTANT_CONVERSION = YES;
				CLANG_WARN_DEPRECATED_OBJC_IMPLEMENTATIONS = YES;
				CLANG_WARN_DIRECT_OBJC_ISA_USAGE = YES_ERROR;
				CLANG_WARN_DOCUMENTATION_COMMENTS = YES;
				CLANG_WARN_EMPTY_BODY = YES;
				CLANG_WARN_ENUM_CONVERSION = YES;
				CLANG_WARN_INFINITE_RECURSION = YES;
				CLANG_WARN_INT_CONVERSION = YES;
				CLANG_WARN_NON_LITERAL_NULL_CONVERSION = YES;
				CLANG_WARN_OBJC_IMPLICIT_RETAIN_SELF = YES;
				CLANG_WARN_OBJC_LITERAL_CONVERSION = YES;
				CLANG_WARN_OBJC_ROOT_CLASS = YES_ERROR;
				CLANG_WARN_QUOTED_INCLUDE_IN_FRAMEWORK_HEADER = YES;
				CLANG_WARN_RANGE_LOOP_ANALYSIS = YES;
				CLANG_WARN_STRICT_PROTOTYPES = YES;
				CLANG_WARN_SUSPICIOUS_MOVE = YES;
				CLANG_WARN_UNGUARDED_AVAILABILITY = YES_AGGRESSIVE;
				CLANG_WARN_UNREACHABLE_CODE = YES;
				CLANG_WARN__DUPLICATE_METHOD_MATCH = YES;
				CODE_SIGN_STYLE = Automatic;
				COPY_PHASE_STRIP = NO;
				CURRENT_PROJECT_VERSION = 1;
				DEBUG_INFORMATION_FORMAT = "dwarf-with-dsym";
				DEVELOPMENT_TEAM = "";
				ENABLE_NS_ASSERTIONS = NO;
				ENABLE_STRICT_OBJC_MSGSEND = YES;
				ENABLE_USER_SCRIPT_SANDBOXING = NO;
				GCC_C_LANGUAGE_STANDARD = gnu11;
				GCC_NO_COMMON_BLOCKS = YES;
				GCC_WARN_64_TO_32_BIT_CONVERSION = YES;
				GCC_WARN_ABOUT_RETURN_TYPE = YES_ERROR;
				GCC_WARN_UNDECLARED_SELECTOR = YES;
				GCC_WARN_UNINITIALIZED_AUTOS = YES_AGGRESSIVE;
				GCC_WARN_UNUSED_FUNCTION = YES;
				GCC_WARN_UNUSED_VARIABLE = YES;
				IPHONEOS_DEPLOYMENT_TARGET = 17.0;
				MARKETING_VERSION = 1.0.0;
				MTL_ENABLE_DEBUG_INFO = NO;
				MTL_FAST_MATH = YES;
				PRODUCT_NAME = "$(TARGET_NAME)";
				SDKROOT = iphoneos;
				SWIFT_COMPILATION_MODE = wholemodule;
				SWIFT_OPTIMIZATION_LEVEL = "-O";
				SWIFT_VERSION = 5.9;
			};
			name = Release;
		};
		7EE45BCD0C428F724AF41D3F /* Debug */ = {
			isa = XCBuildConfiguration;
			buildSettings = {
				ASSETCATALOG_COMPILER_APPICON_NAME = AppIcon;
				ASSETCATALOG_COMPILER_GLOBAL_ACCENT_COLOR_NAME = AccentColor;
				CODE_SIGN_IDENTITY = "iPhone Developer";
				GENERATE_INFOPLIST_FILE = NO;
				INFOPLIST_FILE = SmartChatApp/Info.plist;
				LD_RUNPATH_SEARCH_PATHS = (
					"$(inherited)",
					"@executable_path/Frameworks",
				);
				PRODUCT_BUNDLE_IDENTIFIER = com.smartchat.SmartChatApp;
				SDKROOT = iphoneos;
				SWIFT_EMIT_LOC_STRINGS = YES;
				TARGETED_DEVICE_FAMILY = "1,2";
			};
			name = Debug;
		};
		A2A98A69AFC9C9D06F2E9916 /* Release */ = {
			isa = XCBuildConfiguration;
			buildSettings = {
				BUNDLE_LOADER = "$(TEST_HOST)";
				GENERATE_INFOPLIST_FILE = YES;
				INFOPLIST_FILE = SmartChatAppTests/Info.plist;
				LD_RUNPATH_SEARCH_PATHS = (
					"$(inherited)",
					"@executable_path/Frameworks",
					"@loader_path/Frameworks",
				);
				PRODUCT_BUNDLE_IDENTIFIER = com.smartchat.SmartChatAppTests;
				SDKROOT = iphoneos;
				TARGETED_DEVICE_FAMILY = "1,2";
				TEST_HOST = "$(TARGET_BUILD_DIR)/SmartChatApp.app/$(BUNDLE_EXECUTABLE_FOLDER_PATH)/SmartChatApp";
			};
			name = Release;
		};
		FE64D7E006788B79FC4E0B5C /* Release */ = {
			isa = XCBuildConfiguration;
			buildSettings = {
				ASSETCATALOG_COMPILER_APPICON_NAME = AppIcon;
				ASSETCATALOG_COMPILER_GLOBAL_ACCENT_COLOR_NAME = AccentColor;
				CODE_SIGN_IDENTITY = "iPhone Developer";
				GENERATE_INFOPLIST_FILE = NO;
				INFOPLIST_FILE = SmartChatApp/Info.plist;
				LD_RUNPATH_SEARCH_PATHS = (
					"$(inherited)",
					"@executable_path/Frameworks",
				);
				PRODUCT_BUNDLE_IDENTIFIER = com.smartchat.SmartChatApp;
				SDKROOT = iphoneos;
				SWIFT_EMIT_LOC_STRINGS = YES;
				TARGETED_DEVICE_FAMILY = "1,2";
			};
			name = Release;
		};
/* End XCBuildConfiguration section */

/* Begin XCConfigurationList section */
		372DEC6C607A0A2E88432540 /* Build configuration list for PBXNativeTarget "SmartChatApp" */ = {
			isa = XCConfigurationList;
			buildConfigurations = (
				7EE45BCD0C428F724AF41D3F /* Debug */,
				FE64D7E006788B79FC4E0B5C /* Release */,
			);
			defaultConfigurationIsVisible = 0;
			defaultConfigurationName = Debug;
		};
		87877816F07F09184F688F5B /* Build configuration list for PBXProject "SmartChatApp" */ = {
			isa = XCConfigurationList;
			buildConfigurations = (
				32BEF1203EF9BA13223DD94B /* Debug */,
				33E7D79BD35E8679E32919F7 /* Release */,
			);
			defaultConfigurationIsVisible = 0;
			defaultConfigurationName = Debug;
		};
		B9B4EC6863566613150932AD /* Build configuration list for PBXNativeTarget "SmartChatAppTests" */ = {
			isa = XCConfigurationList;
			buildConfigurations = (
				16793351BF3D28813A03D9F1 /* Debug */,
				A2A98A69AFC9C9D06F2E9916 /* Release */,
			);
			defaultConfigurationIsVisible = 0;
			defaultConfigurationName = Debug;
		};
/* End XCConfigurationList section */

/* Begin XCRemoteSwiftPackageReference section */
		5B5A6838073CC68BB94938B3 /* XCRemoteSwiftPackageReference "swift-composable-architecture" */ = {
			isa = XCRemoteSwiftPackageReference;
			repositoryURL = "https://github.com/pointfreeco/swift-composable-architecture";
			requirement = {
				kind = upToNextMajorVersion;
				minimumVersion = 1.9.3;
			};
		};
/* End XCRemoteSwiftPackageReference section */

/* Begin XCSwiftPackageProductDependency section */
		14B49891B71959269491A12E /* TCA */ = {
			isa = XCSwiftPackageProductDependency;
			package = 5B5A6838073CC68BB94938B3 /* XCRemoteSwiftPackageReference "swift-composable-architecture" */;
			productName = TCA;
		};
/* End XCSwiftPackageProductDependency section */
	};
	rootObject = D21C932C22F5CAEBC35BC8C6 /* Project object */;
}
